
Microsoft Visual Studio Solution File, Format Version 12.00
# Visual Studio Version 17
VisualStudioVersion = 17.0.31903.59
MinimumVisualStudioVersion = 10.0.40219.1
Project("{2150E333-8FDC-42A3-9474-1A3956D46DE8}") = "src", "src", "{827E0CD3-B72D-47B6-A68D-7590B98EB39B}"
EndProject
Project("{FAE04EC0-301F-11D3-BF4B-00C04F79EFBC}") = "MemeTokenHub.SocialService.Api", "src\MemeTokenHub.SocialService.Api\MemeTokenHub.SocialService.Api.csproj", "{74A5DDF1-4B23-4807-9ECA-D444D7921D6B}"
EndProject
Project("{FAE04EC0-301F-11D3-BF4B-00C04F79EFBC}") = "MemeTokenHub.SocialService.Application", "src\MemeTokenHub.SocialService.Application\MemeTokenHub.SocialService.Application.csproj", "{201EFAA0-F1F6-4D59-8AF9-364C4D9715FB}"
EndProject
Project("{FAE04EC0-301F-11D3-BF4B-00C04F79EFBC}") = "MemeTokenHub.SocialService.Domain", "src\MemeTokenHub.SocialService.Domain\MemeTokenHub.SocialService.Domain.csproj", "{04EBAA50-810D-4202-980F-7DE66B1EF7AD}"
EndProject
Project("{FAE04EC0-301F-11D3-BF4B-00C04F79EFBC}") = "MemeTokenHub.SocialService.Infrastructure", "src\MemeTokenHub.SocialService.Infrastructure\MemeTokenHub.SocialService.Infrastructure.csproj", "{197AA780-8801-4F62-87B4-C6B018581FCA}"
EndProject
Project("{2150E333-8FDC-42A3-9474-1A3956D46DE8}") = "tests", "tests", "{0AB3BF05-4346-4AA6-1389-037BE0695223}"
EndProject
Project("{FAE04EC0-301F-11D3-BF4B-00C04F79EFBC}") = "MemeTokenHub.SocialService.ContractTests", "tests\MemeTokenHub.SocialService.ContractTests\MemeTokenHub.SocialService.ContractTests.csproj", "{B59547A7-3EF3-4439-8610-F8310AAAB0B1}"
EndProject
Project("{FAE04EC0-301F-11D3-BF4B-00C04F79EFBC}") = "MemeTokenHub.SocialService.IntegrationTests", "tests\MemeTokenHub.SocialService.IntegrationTests\MemeTokenHub.SocialService.IntegrationTests.csproj", "{F3C22C3B-938C-4C73-8BC4-EF44CE4213C2}"
EndProject
Project("{FAE04EC0-301F-11D3-BF4B-00C04F79EFBC}") = "MemeTokenHub.SocialService.UnitTests", "tests\MemeTokenHub.SocialService.UnitTests\MemeTokenHub.SocialService.UnitTests.csproj", "{6B3654D0-10B7-4380-B327-762F4F2E189E}"
EndProject
Global
	GlobalSection(SolutionConfigurationPlatforms) = preSolution
		Debug|Any CPU = Debug|Any CPU
		Debug|x64 = Debug|x64
		Debug|x86 = Debug|x86
		Release|Any CPU = Release|Any CPU
		Release|x64 = Release|x64
		Release|x86 = Release|x86
	EndGlobalSection
	GlobalSection(ProjectConfigurationPlatforms) = postSolution
		{74A5DDF1-4B23-4807-9ECA-D444D7921D6B}.Debug|Any CPU.ActiveCfg = Debug|Any CPU
		{74A5DDF1-4B23-4807-9ECA-D444D7921D6B}.Debug|Any CPU.Build.0 = Debug|Any CPU
		{74A5DDF1-4B23-4807-9ECA-D444D7921D6B}.Debug|x64.ActiveCfg = Debug|Any CPU
		{74A5DDF1-4B23-4807-9ECA-D444D7921D6B}.Debug|x64.Build.0 = Debug|Any CPU
		{74A5DDF1-4B23-4807-9ECA-D444D7921D6B}.Debug|x86.ActiveCfg = Debug|Any CPU
		{74A5DDF1-4B23-4807-9ECA-D444D7921D6B}.Debug|x86.Build.0 = Debug|Any CPU
		{74A5DDF1-4B23-4807-9ECA-D444D7921D6B}.Release|Any CPU.ActiveCfg = Release|Any CPU
		{74A5DDF1-4B23-4807-9ECA-D444D7921D6B}.Release|Any CPU.Build.0 = Release|Any CPU
		{74A5DDF1-4B23-4807-9ECA-D444D7921D6B}.Release|x64.ActiveCfg = Release|Any CPU
		{74A5DDF1-4B23-4807-9ECA-D444D7921D6B}.Release|x64.Build.0 = Release|Any CPU
		{74A5DDF1-4B23-4807-9ECA-D444D7921D6B}.Release|x86.ActiveCfg = Release|Any CPU
		{74A5DDF1-4B23-4807-9ECA-D444D7921D6B}.Release|x86.Build.0 = Release|Any CPU
		{201EFAA0-F1F6-4D59-8AF9-364C4D9715FB}.Debug|Any CPU.ActiveCfg = Debug|Any CPU
		{201EFAA0-F1F6-4D59-8AF9-364C4D9715FB}.Debug|Any CPU.Build.0 = Debug|Any CPU
		{201EFAA0-F1F6-4D59-8AF9-364C4D9715FB}.Debug|x64.ActiveCfg = Debug|Any CPU
		{201EFAA0-F1F6-4D59-8AF9-364C4D9715FB}.Debug|x64.Build.0 = Debug|Any CPU
		{201EFAA0-F1F6-4D59-8AF9-364C4D9715FB}.Debug|x86.ActiveCfg = Debug|Any CPU
		{201EFAA0-F1F6-4D59-8AF9-364C4D9715FB}.Debug|x86.Build.0 = Debug|Any CPU
		{201EFAA0-F1F6-4D59-8AF9-364C4D9715FB}.Release|Any CPU.ActiveCfg = Release|Any CPU
		{201EFAA0-F1F6-4D59-8AF9-364C4D9715FB}.Release|Any CPU.Build.0 = Release|Any CPU
		{201EFAA0-F1F6-4D59-8AF9-364C4D9715FB}.Release|x64.ActiveCfg = Release|Any CPU
		{201EFAA0-F1F6-4D59-8AF9-364C4D9715FB}.Release|x64.Build.0 = Release|Any CPU
		{201EFAA0-F1F6-4D59-8AF9-364C4D9715FB}.Release|x86.ActiveCfg = Release|Any CPU
		{201EFAA0-F1F6-4D59-8AF9-364C4D9715FB}.Release|x86.Build.0 = Release|Any CPU
		{04EBAA50-810D-4202-980F-7DE66B1EF7AD}.Debug|Any CPU.ActiveCfg = Debug|Any CPU
		{04EBAA50-810D-4202-980F-7DE66B1EF7AD}.Debug|Any CPU.Build.0 = Debug|Any CPU
		{04EBAA50-810D-4202-980F-7DE66B1EF7AD}.Debug|x64.ActiveCfg = Debug|Any CPU
		{04EBAA50-810D-4202-980F-7DE66B1EF7AD}.Debug|x64.Build.0 = Debug|Any CPU
		{04EBAA50-810D-4202-980F-7DE66B1EF7AD}.Debug|x86.ActiveCfg = Debug|Any CPU
		{04EBAA50-810D-4202-980F-7DE66B1EF7AD}.Debug|x86.Build.0 = Debug|Any CPU
		{04EBAA50-810D-4202-980F-7DE66B1EF7AD}.Release|Any CPU.ActiveCfg = Release|Any CPU
		{04EBAA50-810D-4202-980F-7DE66B1EF7AD}.Release|Any CPU.Build.0 = Release|Any CPU
		{04EBAA50-810D-4202-980F-7DE66B1EF7AD}.Release|x64.ActiveCfg = Release|Any CPU
		{04EBAA50-810D-4202-980F-7DE66B1EF7AD}.Release|x64.Build.0 = Release|Any CPU
		{04EBAA50-810D-4202-980F-7DE66B1EF7AD}.Release|x86.ActiveCfg = Release|Any CPU
		{04EBAA50-810D-4202-980F-7DE66B1EF7AD}.Release|x86.Build.0 = Release|Any CPU
		{197AA780-8801-4F62-87B4-C6B018581FCA}.Debug|Any CPU.ActiveCfg = Debug|Any CPU
		{197AA780-8801-4F62-87B4-C6B018581FCA}.Debug|Any CPU.Build.0 = Debug|Any CPU
		{197AA780-8801-4F62-87B4-C6B018581FCA}.Debug|x64.ActiveCfg = Debug|Any CPU
		{197AA780-8801-4F62-87B4-C6B018581FCA}.Debug|x64.Build.0 = Debug|Any CPU
		{197AA780-8801-4F62-87B4-C6B018581FCA}.Debug|x86.ActiveCfg = Debug|Any CPU
		{197AA780-8801-4F62-87B4-C6B018581FCA}.Debug|x86.Build.0 = Debug|Any CPU
		{197AA780-8801-4F62-87B4-C6B018581FCA}.Release|Any CPU.ActiveCfg = Release|Any CPU
		{197AA780-8801-4F62-87B4-C6B018581FCA}.Release|Any CPU.Build.0 = Release|Any CPU
		{197AA780-8801-4F62-87B4-C6B018581FCA}.Release|x64.ActiveCfg = Release|Any CPU
		{197AA780-8801-4F62-87B4-C6B018581FCA}.Release|x64.Build.0 = Release|Any CPU
		{197AA780-8801-4F62-87B4-C6B018581FCA}.Release|x86.ActiveCfg = Release|Any CPU
		{197AA780-8801-4F62-87B4-C6B018581FCA}.Release|x86.Build.0 = Release|Any CPU
		{B59547A7-3EF3-4439-8610-F8310AAAB0B1}.Debug|Any CPU.ActiveCfg = Debug|Any CPU
		{B59547A7-3EF3-4439-8610-F8310AAAB0B1}.Debug|Any CPU.Build.0 = Debug|Any CPU
		{B59547A7-3EF3-4439-8610-F8310AAAB0B1}.Debug|x64.ActiveCfg = Debug|Any CPU
		{B59547A7-3EF3-4439-8610-F8310AAAB0B1}.Debug|x64.Build.0 = Debug|Any CPU
		{B59547A7-3EF3-4439-8610-F8310AAAB0B1}.Debug|x86.ActiveCfg = Debug|Any CPU
		{B59547A7-3EF3-4439-8610-F8310AAAB0B1}.Debug|x86.Build.0 = Debug|Any CPU
		{B59547A7-3EF3-4439-8610-F8310AAAB0B1}.Release|Any CPU.ActiveCfg = Release|Any CPU
		{B59547A7-3EF3-4439-8610-F8310AAAB0B1}.Release|Any CPU.Build.0 = Release|Any CPU
		{B59547A7-3EF3-4439-8610-F8310AAAB0B1}.Release|x64.ActiveCfg = Release|Any CPU
		{B59547A7-3EF3-4439-8610-F8310AAAB0B1}.Release|x64.Build.0 = Release|Any CPU
		{B59547A7-3EF3-4439-8610-F8310AAAB0B1}.Release|x86.ActiveCfg = Release|Any CPU
		{B59547A7-3EF3-4439-8610-F8310AAAB0B1}.Release|x86.Build.0 = Release|Any CPU
		{F3C22C3B-938C-4C73-8BC4-EF44CE4213C2}.Debug|Any CPU.ActiveCfg = Debug|Any CPU
		{F3C22C3B-938C-4C73-8BC4-EF44CE4213C2}.Debug|Any CPU.Build.0 = Debug|Any CPU
		{F3C22C3B-938C-4C73-8BC4-EF44CE4213C2}.Debug|x64.ActiveCfg = Debug|Any CPU
		{F3C22C3B-938C-4C73-8BC4-EF44CE4213C2}.Debug|x64.Build.0 = Debug|Any CPU
		{F3C22C3B-938C-4C73-8BC4-EF44CE4213C2}.Debug|x86.ActiveCfg = Debug|Any CPU
		{F3C22C3B-938C-4C73-8BC4-EF44CE4213C2}.Debug|x86.Build.0 = Debug|Any CPU
		{F3C22C3B-938C-4C73-8BC4-EF44CE4213C2}.Release|Any CPU.ActiveCfg = Release|Any CPU
		{F3C22C3B-938C-4C73-8BC4-EF44CE4213C2}.Release|Any CPU.Build.0 = Release|Any CPU
		{F3C22C3B-938C-4C73-8BC4-EF44CE4213C2}.Release|x64.ActiveCfg = Release|Any CPU
		{F3C22C3B-938C-4C73-8BC4-EF44CE4213C2}.Release|x64.Build.0 = Release|Any CPU
		{F3C22C3B-938C-4C73-8BC4-EF44CE4213C2}.Release|x86.ActiveCfg = Release|Any CPU
		{F3C22C3B-938C-4C73-8BC4-EF44CE4213C2}.Release|x86.Build.0 = Release|Any CPU
		{6B3654D0-10B7-4380-B327-762F4F2E189E}.Debug|Any CPU.ActiveCfg = Debug|Any CPU
		{6B3654D0-10B7-4380-B327-762F4F2E189E}.Debug|Any CPU.Build.0 = Debug|Any CPU
		{6B3654D0-10B7-4380-B327-762F4F2E189E}.Debug|x64.ActiveCfg = Debug|Any CPU
		{6B3654D0-10B7-4380-B327-762F4F2E189E}.Debug|x64.Build.0 = Debug|Any CPU
		{6B3654D0-10B7-4380-B327-762F4F2E189E}.Debug|x86.ActiveCfg = Debug|Any CPU
		{6B3654D0-10B7-4380-B327-762F4F2E189E}.Debug|x86.Build.0 = Debug|Any CPU
		{6B3654D0-10B7-4380-B327-762F4F2E189E}.Release|Any CPU.ActiveCfg = Release|Any CPU
		{6B3654D0-10B7-4380-B327-762F4F2E189E}.Release|Any CPU.Build.0 = Release|Any CPU
		{6B3654D0-10B7-4380-B327-762F4F2E189E}.Release|x64.ActiveCfg = Release|Any CPU
		{6B3654D0-10B7-4380-B327-762F4F2E189E}.Release|x64.Build.0 = Release|Any CPU
		{6B3654D0-10B7-4380-B327-762F4F2E189E}.Release|x86.ActiveCfg = Release|Any CPU
		{6B3654D0-10B7-4380-B327-762F4F2E189E}.Release|x86.Build.0 = Release|Any CPU
	EndGlobalSection
	GlobalSection(SolutionProperties) = preSolution
		HideSolutionNode = FALSE
	EndGlobalSection
	GlobalSection(NestedProjects) = preSolution
		{74A5DDF1-4B23-4807-9ECA-D444D7921D6B} = {827E0CD3-B72D-47B6-A68D-7590B98EB39B}
		{201EFAA0-F1F6-4D59-8AF9-364C4D9715FB} = {827E0CD3-B72D-47B6-A68D-7590B98EB39B}
		{04EBAA50-810D-4202-980F-7DE66B1EF7AD} = {827E0CD3-B72D-47B6-A68D-7590B98EB39B}
		{197AA780-8801-4F62-87B4-C6B018581FCA} = {827E0CD3-B72D-47B6-A68D-7590B98EB39B}
		{B59547A7-3EF3-4439-8610-F8310AAAB0B1} = {0AB3BF05-4346-4AA6-1389-037BE0695223}
		{F3C22C3B-938C-4C73-8BC4-EF44CE4213C2} = {0AB3BF05-4346-4AA6-1389-037BE0695223}
		{6B3654D0-10B7-4380-B327-762F4F2E189E} = {0AB3BF05-4346-4AA6-1389-037BE0695223}
	EndGlobalSection
EndGlobal
